
Microsoft Visual Studio Solution File, Format Version 12.00
# Visual Studio Version 16
VisualStudioVersion = 25.0.1706.10
MinimumVisualStudioVersion = 10.0.40219.1
Project("{FAE04EC0-301F-11D3-BF4B-00C04F79EFBC}") = "Week5LogicalOperators", "Week5LogicalOperators\Week5LogicalOperators.csproj", "{19BDE4A1-4CD5-42D8-B4C9-AA1AC43E9610}"
EndProject
Project("{FAE04EC0-301F-11D3-BF4B-00C04F79EFBC}") = "ANDOperator", "ANDOperator\ANDOperator.csproj", "{EAEF7DE2-0D70-4DDF-BBC6-F63B2A2C45F1}"
EndProject
Project("{FAE04EC0-301F-11D3-BF4B-00C04F79EFBC}") = "OROperator", "OROperator\OROperator.csproj", "{C462F838-05CB-49B1-A4EE-304237503C7F}"
EndProject
Project("{FAE04EC0-301F-11D3-BF4B-00C04F79EFBC}") = "ANDRanges", "ANDRanges\ANDRanges.csproj", "{779A2BC0-C125-431B-B21E-402E147A5619}"
EndProject
Global
	GlobalSection(SolutionConfigurationPlatforms) = preSolution
		Debug|Any CPU = Debug|Any CPU
		Release|Any CPU = Release|Any CPU
	EndGlobalSection
	GlobalSection(ProjectConfigurationPlatforms) = postSolution
		{19BDE4A1-4CD5-42D8-B4C9-AA1AC43E9610}.Debug|Any CPU.ActiveCfg = Debug|Any CPU
		{19BDE4A1-4CD5-42D8-B4C9-AA1AC43E9610}.Debug|Any CPU.Build.0 = Debug|Any CPU
		{19BDE4A1-4CD5-42D8-B4C9-AA1AC43E9610}.Release|Any CPU.ActiveCfg = Release|Any CPU
		{19BDE4A1-4CD5-42D8-B4C9-AA1AC43E9610}.Release|Any CPU.Build.0 = Release|Any CPU
		{EAEF7DE2-0D70-4DDF-BBC6-F63B2A2C45F1}.Debug|Any CPU.ActiveCfg = Debug|Any CPU
		{EAEF7DE2-0D70-4DDF-BBC6-F63B2A2C45F1}.Debug|Any CPU.Build.0 = Debug|Any CPU
		{EAEF7DE2-0D70-4DDF-BBC6-F63B2A2C45F1}.Release|Any CPU.ActiveCfg = Release|Any CPU
		{EAEF7DE2-0D70-4DDF-BBC6-F63B2A2C45F1}.Release|Any CPU.Build.0 = Release|Any CPU
		{C462F838-05CB-49B1-A4EE-304237503C7F}.Debug|Any CPU.ActiveCfg = Debug|Any CPU
		{C462F838-05CB-49B1-A4EE-304237503C7F}.Debug|Any CPU.Build.0 = Debug|Any CPU
		{C462F838-05CB-49B1-A4EE-304237503C7F}.Release|Any CPU.ActiveCfg = Release|Any CPU
		{C462F838-05CB-49B1-A4EE-304237503C7F}.Release|Any CPU.Build.0 = Release|Any CPU
		{779A2BC0-C125-431B-B21E-402E147A5619}.Debug|Any CPU.ActiveCfg = Debug|Any CPU
		{779A2BC0-C125-431B-B21E-402E147A5619}.Debug|Any CPU.Build.0 = Debug|Any CPU
		{779A2BC0-C125-431B-B21E-402E147A5619}.Release|Any CPU.ActiveCfg = Release|Any CPU
		{779A2BC0-C125-431B-B21E-402E147A5619}.Release|Any CPU.Build.0 = Release|Any CPU
	EndGlobalSection
	GlobalSection(SolutionProperties) = preSolution
		HideSolutionNode = FALSE
	EndGlobalSection
	GlobalSection(ExtensibilityGlobals) = postSolution
		SolutionGuid = {AE89BA95-8022-47FC-9BD9-AD0DA354F550}
	EndGlobalSection
EndGlobal
